// !$*UTF8*$!
{
	archiveVersion = 1;
	classes = {
	};
	objectVersion = 46;
	objects = {

/* Begin PBXBuildFile section */
		1565530E1EE64E9E004DA80E /* MOBFoundation.framework in Frameworks */ = {isa = PBXBuildFile; fileRef = 1565530B1EE64E9E004DA80E /* MOBFoundation.framework */; };
		1565530F1EE64E9E004DA80E /* MOBFoundationEx.framework in Frameworks */ = {isa = PBXBuildFile; fileRef = 1565530C1EE64E9E004DA80E /* MOBFoundationEx.framework */; };
		156553101EE64E9E004DA80E /* SMS_SDK.framework in Frameworks */ = {isa = PBXBuildFile; fileRef = 1565530D1EE64E9E004DA80E /* SMS_SDK.framework */; };
		15E91B0D1EE5403900195498 /* main.m in Sources */ = {isa = PBXBuildFile; fileRef = 15E91B0C1EE5403900195498 /* main.m */; };
		15E91B101EE5403900195498 /* AppDelegate.m in Sources */ = {isa = PBXBuildFile; fileRef = 15E91B0F1EE5403900195498 /* AppDelegate.m */; };
		15E91B131EE5403900195498 /* ViewController.m in Sources */ = {isa = PBXBuildFile; fileRef = 15E91B121EE5403900195498 /* ViewController.m */; };
		15E91B161EE5403900195498 /* Main.storyboard in Resources */ = {isa = PBXBuildFile; fileRef = 15E91B141EE5403900195498 /* Main.storyboard */; };
		15E91B181EE5403900195498 /* Assets.xcassets in Resources */ = {isa = PBXBuildFile; fileRef = 15E91B171EE5403900195498 /* Assets.xcassets */; };
		15E91B1B1EE5403900195498 /* LaunchScreen.storyboard in Resources */ = {isa = PBXBuildFile; fileRef = 15E91B191EE5403900195498 /* LaunchScreen.storyboard */; };
		15E91B261EE5403900195498 /* CocoapodsTestTests.m in Sources */ = {isa = PBXBuildFile; fileRef = 15E91B251EE5403900195498 /* CocoapodsTestTests.m */; };
		15E91B311EE5403900195498 /* CocoapodsTestUITests.m in Sources */ = {isa = PBXBuildFile; fileRef = 15E91B301EE5403900195498 /* CocoapodsTestUITests.m */; };
		15E91B411EE5417500195498 /* NSFileManager+TTFileManager.m in Sources */ = {isa = PBXBuildFile; fileRef = 15E91B401EE5417500195498 /* NSFileManager+TTFileManager.m */; };
		15E91B451EE54C0600195498 /* NSBundle+TTBundle.m in Sources */ = {isa = PBXBuildFile; fileRef = 15E91B441EE54C0600195498 /* NSBundle+TTBundle.m */; };
		15E91B4A1EE5541500195498 /* CoreText.framework in Frameworks */ = {isa = PBXBuildFile; fileRef = 15E91B491EE5541500195498 /* CoreText.framework */; };
		15E923F81EE5A37500195498 /* libz.tbd in Frameworks */ = {isa = PBXBuildFile; fileRef = 15E923F71EE5A37500195498 /* libz.tbd */; };
		15E923FA1EE5A37C00195498 /* libicucore.tbd in Frameworks */ = {isa = PBXBuildFile; fileRef = 15E923F91EE5A37C00195498 /* libicucore.tbd */; };
		15E923FC1EE5A38400195498 /* MessageUI.framework in Frameworks */ = {isa = PBXBuildFile; fileRef = 15E923FB1EE5A38400195498 /* MessageUI.framework */; };
		15E923FE1EE5A38900195498 /* JavaScriptCore.framework in Frameworks */ = {isa = PBXBuildFile; fileRef = 15E923FD1EE5A38900195498 /* JavaScriptCore.framework */; };
		15E924001EE5A39300195498 /* libstdc++.tbd in Frameworks */ = {isa = PBXBuildFile; fileRef = 15E923FF1EE5A39300195498 /* libstdc++.tbd */; };
/* End PBXBuildFile section */

/* Begin PBXContainerItemProxy section */
		15E91B221EE5403900195498 /* PBXContainerItemProxy */ = {
			isa = PBXContainerItemProxy;
			containerPortal = 15E91B001EE5403900195498 /* Project object */;
			proxyType = 1;
			remoteGlobalIDString = 15E91B071EE5403900195498;
			remoteInfo = CocoapodsTest;
		};
		15E91B2D1EE5403900195498 /* PBXContainerItemProxy */ = {
			isa = PBXContainerItemProxy;
			containerPortal = 15E91B001EE5403900195498 /* Project object */;
			proxyType = 1;
			remoteGlobalIDString = 15E91B071EE5403900195498;
			remoteInfo = CocoapodsTest;
		};
/* End PBXContainerItemProxy section */

/* Begin PBXFileReference section */
		1565530B1EE64E9E004DA80E /* MOBFoundation.framework */ = {isa = PBXFileReference; lastKnownFileType = wrapper.framework; path = MOBFoundation.framework; sourceTree = "<group>"; };
		1565530C1EE64E9E004DA80E /* MOBFoundationEx.framework */ = {isa = PBXFileReference; lastKnownFileType = wrapper.framework; path = MOBFoundationEx.framework; sourceTree = "<group>"; };
		1565530D1EE64E9E004DA80E /* SMS_SDK.framework */ = {isa = PBXFileReference; lastKnownFileType = wrapper.framework; path = SMS_SDK.framework; sourceTree = "<group>"; };
		15E91B081EE5403900195498 /* CocoapodsTest.app */ = {isa = PBXFileReference; explicitFileType = wrapper.application; includeInIndex = 0; path = CocoapodsTest.app; sourceTree = BUILT_PRODUCTS_DIR; };
		15E91B0C1EE5403900195498 /* main.m */ = {isa = PBXFileReference; lastKnownFileType = sourcecode.c.objc; path = main.m; sourceTree = "<group>"; };
		15E91B0E1EE5403900195498 /* AppDelegate.h */ = {isa = PBXFileReference; lastKnownFileType = sourcecode.c.h; path = AppDelegate.h; sourceTree = "<group>"; };
		15E91B0F1EE5403900195498 /* AppDelegate.m */ = {isa = PBXFileReference; lastKnownFileType = sourcecode.c.objc; path = AppDelegate.m; sourceTree = "<group>"; };
		15E91B111EE5403900195498 /* ViewController.h */ = {isa = PBXFileReference; lastKnownFileType = sourcecode.c.h; path = ViewController.h; sourceTree = "<group>"; };
		15E91B121EE5403900195498 /* ViewController.m */ = {isa = PBXFileReference; lastKnownFileType = sourcecode.c.objc; path = ViewController.m; sourceTree = "<group>"; };
		15E91B151EE5403900195498 /* Base */ = {isa = PBXFileReference; lastKnownFileType = file.storyboard; name = Base; path = Base.lproj/Main.storyboard; sourceTree = "<group>"; };
		15E91B171EE5403900195498 /* Assets.xcassets */ = {isa = PBXFileReference; lastKnownFileType = folder.assetcatalog; path = Assets.xcassets; sourceTree = "<group>"; };
		15E91B1A1EE5403900195498 /* Base */ = {isa = PBXFileReference; lastKnownFileType = file.storyboard; name = Base; path = Base.lproj/LaunchScreen.storyboard; sourceTree = "<group>"; };
		15E91B1C1EE5403900195498 /* Info.plist */ = {isa = PBXFileReference; lastKnownFileType = text.plist.xml; path = Info.plist; sourceTree = "<group>"; };
		15E91B211EE5403900195498 /* CocoapodsTestTests.xctest */ = {isa = PBXFileReference; explicitFileType = wrapper.cfbundle; includeInIndex = 0; path = CocoapodsTestTests.xctest; sourceTree = BUILT_PRODUCTS_DIR; };
		15E91B251EE5403900195498 /* CocoapodsTestTests.m */ = {isa = PBXFileReference; lastKnownFileType = sourcecode.c.objc; path = CocoapodsTestTests.m; sourceTree = "<group>"; };
		15E91B271EE5403900195498 /* Info.plist */ = {isa = PBXFileReference; lastKnownFileType = text.plist.xml; path = Info.plist; sourceTree = "<group>"; };
		15E91B2C1EE5403900195498 /* CocoapodsTestUITests.xctest */ = {isa = PBXFileReference; explicitFileType = wrapper.cfbundle; includeInIndex = 0; path = CocoapodsTestUITests.xctest; sourceTree = BUILT_PRODUCTS_DIR; };
		15E91B301EE5403900195498 /* CocoapodsTestUITests.m */ = {isa = PBXFileReference; lastKnownFileType = sourcecode.c.objc; path = CocoapodsTestUITests.m; sourceTree = "<group>"; };
		15E91B321EE5403900195498 /* Info.plist */ = {isa = PBXFileReference; lastKnownFileType = text.plist.xml; path = Info.plist; sourceTree = "<group>"; };
		15E91B3F1EE5417500195498 /* NSFileManager+TTFileManager.h */ = {isa = PBXFileReference; fileEncoding = 4; lastKnownFileType = sourcecode.c.h; path = "NSFileManager+TTFileManager.h"; sourceTree = "<group>"; };
		15E91B401EE5417500195498 /* NSFileManager+TTFileManager.m */ = {isa = PBXFileReference; fileEncoding = 4; lastKnownFileType = sourcecode.c.objc; path = "NSFileManager+TTFileManager.m"; sourceTree = "<group>"; };
		15E91B431EE54C0600195498 /* NSBundle+TTBundle.h */ = {isa = PBXFileReference; fileEncoding = 4; lastKnownFileType = sourcecode.c.h; path = "NSBundle+TTBundle.h"; sourceTree = "<group>"; };
		15E91B441EE54C0600195498 /* NSBundle+TTBundle.m */ = {isa = PBXFileReference; fileEncoding = 4; lastKnownFileType = sourcecode.c.objc; path = "NSBundle+TTBundle.m"; sourceTree = "<group>"; };
		15E91B491EE5541500195498 /* CoreText.framework */ = {isa = PBXFileReference; lastKnownFileType = wrapper.framework; name = CoreText.framework; path = System/Library/Frameworks/CoreText.framework; sourceTree = SDKROOT; };
		15E923F71EE5A37500195498 /* libz.tbd */ = {isa = PBXFileReference; lastKnownFileType = "sourcecode.text-based-dylib-definition"; name = libz.tbd; path = usr/lib/libz.tbd; sourceTree = SDKROOT; };
		15E923F91EE5A37C00195498 /* libicucore.tbd */ = {isa = PBXFileReference; lastKnownFileType = "sourcecode.text-based-dylib-definition"; name = libicucore.tbd; path = usr/lib/libicucore.tbd; sourceTree = SDKROOT; };
		15E923FB1EE5A38400195498 /* MessageUI.framework */ = {isa = PBXFileReference; lastKnownFileType = wrapper.framework; name = MessageUI.framework; path = System/Library/Frameworks/MessageUI.framework; sourceTree = SDKROOT; };
		15E923FD1EE5A38900195498 /* JavaScriptCore.framework */ = {isa = PBXFileReference; lastKnownFileType = wrapper.framework; name = JavaScriptCore.framework; path = System/Library/Frameworks/JavaScriptCore.framework; sourceTree = SDKROOT; };
		15E923FF1EE5A39300195498 /* libstdc++.tbd */ = {isa = PBXFileReference; lastKnownFileType = "sourcecode.text-based-dylib-definition"; name = "libstdc++.tbd"; path = "usr/lib/libstdc++.tbd"; sourceTree = SDKROOT; };
/* End PBXFileReference section */

/* Begin PBXFrameworksBuildPhase section */
		15E91B051EE5403900195498 /* Frameworks */ = {
			isa = PBXFrameworksBuildPhase;
			buildActionMask = 2147483647;
			files = (
				15E924001EE5A39300195498 /* libstdc++.tbd in Frameworks */,
				15E923FE1EE5A38900195498 /* JavaScriptCore.framework in Frameworks */,
				15E923FC1EE5A38400195498 /* MessageUI.framework in Frameworks */,
				156553101EE64E9E004DA80E /* SMS_SDK.framework in Frameworks */,
				15E923FA1EE5A37C00195498 /* libicucore.tbd in Frameworks */,
				15E923F81EE5A37500195498 /* libz.tbd in Frameworks */,
				15E91B4A1EE5541500195498 /* CoreText.framework in Frameworks */,
				1565530E1EE64E9E004DA80E /* MOBFoundation.framework in Frameworks */,
				1565530F1EE64E9E004DA80E /* MOBFoundationEx.framework in Frameworks */,
			);
			runOnlyForDeploymentPostprocessing = 0;
		};
		15E91B1E1EE5403900195498 /* Frameworks */ = {
			isa = PBXFrameworksBuildPhase;
			buildActionMask = 2147483647;
			files = (
			);
			runOnlyForDeploymentPostprocessing = 0;
		};
		15E91B291EE5403900195498 /* Frameworks */ = {
			isa = PBXFrameworksBuildPhase;
			buildActionMask = 2147483647;
			files = (
			);
			runOnlyForDeploymentPostprocessing = 0;
		};
/* End PBXFrameworksBuildPhase section */

/* Begin PBXGroup section */
		1565530A1EE64E9E004DA80E /* SMS_SDK */ = {
			isa = PBXGroup;
			children = (
				1565530B1EE64E9E004DA80E /* MOBFoundation.framework */,
				1565530C1EE64E9E004DA80E /* MOBFoundationEx.framework */,
				1565530D1EE64E9E004DA80E /* SMS_SDK.framework */,
			);
			path = SMS_SDK;
			sourceTree = "<group>";
		};
		15E91AFF1EE5403900195498 = {
			isa = PBXGroup;
			children = (
				15E91B0A1EE5403900195498 /* CocoapodsTest */,
				15E91B241EE5403900195498 /* CocoapodsTestTests */,
				15E91B2F1EE5403900195498 /* CocoapodsTestUITests */,
				15E91B091EE5403900195498 /* Products */,
				15E91B481EE5541500195498 /* Frameworks */,
			);
			sourceTree = "<group>";
		};
		15E91B091EE5403900195498 /* Products */ = {
			isa = PBXGroup;
			children = (
				15E91B081EE5403900195498 /* CocoapodsTest.app */,
				15E91B211EE5403900195498 /* CocoapodsTestTests.xctest */,
				15E91B2C1EE5403900195498 /* CocoapodsTestUITests.xctest */,
			);
			name = Products;
			sourceTree = "<group>";
		};
		15E91B0A1EE5403900195498 /* CocoapodsTest */ = {
			isa = PBXGroup;
			children = (
				15E91B3E1EE5413500195498 /* Classes */,
				15E91B0E1EE5403900195498 /* AppDelegate.h */,
				15E91B0F1EE5403900195498 /* AppDelegate.m */,
				15E91B111EE5403900195498 /* ViewController.h */,
				15E91B121EE5403900195498 /* ViewController.m */,
				15E91B141EE5403900195498 /* Main.storyboard */,
				15E91B171EE5403900195498 /* Assets.xcassets */,
				15E91B191EE5403900195498 /* LaunchScreen.storyboard */,
				15E91B1C1EE5403900195498 /* Info.plist */,
				15E91B0B1EE5403900195498 /* Supporting Files */,
			);
			path = CocoapodsTest;
			sourceTree = "<group>";
		};
		15E91B0B1EE5403900195498 /* Supporting Files */ = {
			isa = PBXGroup;
			children = (
				15E91B0C1EE5403900195498 /* main.m */,
			);
			name = "Supporting Files";
			sourceTree = "<group>";
		};
		15E91B241EE5403900195498 /* CocoapodsTestTests */ = {
			isa = PBXGroup;
			children = (
				15E91B251EE5403900195498 /* CocoapodsTestTests.m */,
				15E91B271EE5403900195498 /* Info.plist */,
			);
			path = CocoapodsTestTests;
			sourceTree = "<group>";
		};
		15E91B2F1EE5403900195498 /* CocoapodsTestUITests */ = {
			isa = PBXGroup;
			children = (
				15E91B301EE5403900195498 /* CocoapodsTestUITests.m */,
				15E91B321EE5403900195498 /* Info.plist */,
			);
			path = CocoapodsTestUITests;
			sourceTree = "<group>";
		};
		15E91B3E1EE5413500195498 /* Classes */ = {
			isa = PBXGroup;
			children = (
				1565530A1EE64E9E004DA80E /* SMS_SDK */,
				15E91B421EE54C0600195498 /* Category */,
				15E91B3F1EE5417500195498 /* NSFileManager+TTFileManager.h */,
				15E91B401EE5417500195498 /* NSFileManager+TTFileManager.m */,
			);
			path = Classes;
			sourceTree = "<group>";
		};
		15E91B421EE54C0600195498 /* Category */ = {
			isa = PBXGroup;
			children = (
				15E91B431EE54C0600195498 /* NSBundle+TTBundle.h */,
				15E91B441EE54C0600195498 /* NSBundle+TTBundle.m */,
			);
			path = Category;
			sourceTree = "<group>";
		};
		15E91B481EE5541500195498 /* Frameworks */ = {
			isa = PBXGroup;
			children = (
				15E923FF1EE5A39300195498 /* libstdc++.tbd */,
				15E923FD1EE5A38900195498 /* JavaScriptCore.framework */,
				15E923FB1EE5A38400195498 /* MessageUI.framework */,
				15E923F91EE5A37C00195498 /* libicucore.tbd */,
				15E923F71EE5A37500195498 /* libz.tbd */,
				15E91B491EE5541500195498 /* CoreText.framework */,
			);
			name = Frameworks;
			sourceTree = "<group>";
		};
/* End PBXGroup section */

/* Begin PBXNativeTarget section */
		15E91B071EE5403900195498 /* CocoapodsTest */ = {
			isa = PBXNativeTarget;
			buildConfigurationList = 15E91B351EE5403900195498 /* Build configuration list for PBXNativeTarget "CocoapodsTest" */;
			buildPhases = (
				15E91B041EE5403900195498 /* Sources */,
				15E91B051EE5403900195498 /* Frameworks */,
				15E91B061EE5403900195498 /* Resources */,
			);
			buildRules = (
			);
			dependencies = (
			);
			name = CocoapodsTest;
			productName = CocoapodsTest;
			productReference = 15E91B081EE5403900195498 /* CocoapodsTest.app */;
			productType = "com.apple.product-type.application";
		};
		15E91B201EE5403900195498 /* CocoapodsTestTests */ = {
			isa = PBXNativeTarget;
			buildConfigurationList = 15E91B381EE5403900195498 /* Build configuration list for PBXNativeTarget "CocoapodsTestTests" */;
			buildPhases = (
				15E91B1D1EE5403900195498 /* Sources */,
				15E91B1E1EE5403900195498 /* Frameworks */,
				15E91B1F1EE5403900195498 /* Resources */,
			);
			buildRules = (
			);
			dependencies = (
				15E91B231EE5403900195498 /* PBXTargetDependency */,
			);
			name = CocoapodsTestTests;
			productName = CocoapodsTestTests;
			productReference = 15E91B211EE5403900195498 /* CocoapodsTestTests.xctest */;
			productType = "com.apple.product-type.bundle.unit-test";
		};
		15E91B2B1EE5403900195498 /* CocoapodsTestUITests */ = {
			isa = PBXNativeTarget;
			buildConfigurationList = 15E91B3B1EE5403900195498 /* Build configuration list for PBXNativeTarget "CocoapodsTestUITests" */;
			buildPhases = (
				15E91B281EE5403900195498 /* Sources */,
				15E91B291EE5403900195498 /* Frameworks */,
				15E91B2A1EE5403900195498 /* Resources */,
			);
			buildRules = (
			);
			dependencies = (
				15E91B2E1EE5403900195498 /* PBXTargetDependency */,
			);
			name = CocoapodsTestUITests;
			productName = CocoapodsTestUITests;
			productReference = 15E91B2C1EE5403900195498 /* CocoapodsTestUITests.xctest */;
			productType = "com.apple.product-type.bundle.ui-testing";
		};
/* End PBXNativeTarget section */

/* Begin PBXProject section */
		15E91B001EE5403900195498 /* Project object */ = {
			isa = PBXProject;
			attributes = {
				LastUpgradeCheck = 0830;
				ORGANIZATIONNAME = "张福润";
				TargetAttributes = {
					15E91B071EE5403900195498 = {
						CreatedOnToolsVersion = 8.3.2;
						ProvisioningStyle = Automatic;
					};
					15E91B201EE5403900195498 = {
						CreatedOnToolsVersion = 8.3.2;
						ProvisioningStyle = Automatic;
						TestTargetID = 15E91B071EE5403900195498;
					};
					15E91B2B1EE5403900195498 = {
						CreatedOnToolsVersion = 8.3.2;
						ProvisioningStyle = Automatic;
						TestTargetID = 15E91B071EE5403900195498;
					};
				};
			};
			buildConfigurationList = 15E91B031EE5403900195498 /* Build configuration list for PBXProject "CocoapodsTest" */;
			compatibilityVersion = "Xcode 3.2";
			developmentRegion = English;
			hasScannedForEncodings = 0;
			knownRegions = (
				en,
				Base,
			);
			mainGroup = 15E91AFF1EE5403900195498;
			productRefGroup = 15E91B091EE5403900195498 /* Products */;
			projectDirPath = "";
			projectRoot = "";
			targets = (
				15E91B071EE5403900195498 /* CocoapodsTest */,
				15E91B201EE5403900195498 /* CocoapodsTestTests */,
				15E91B2B1EE5403900195498 /* CocoapodsTestUITests */,
			);
		};
/* End PBXProject section */

/* Begin PBXResourcesBuildPhase section */
		15E91B061EE5403900195498 /* Resources */ = {
			isa = PBXResourcesBuildPhase;
			buildActionMask = 2147483647;
			files = (
				15E91B1B1EE5403900195498 /* LaunchScreen.storyboard in Resources */,
				15E91B181EE5403900195498 /* Assets.xcassets in Resources */,
				15E91B161EE5403900195498 /* Main.storyboard in Resources */,
			);
			runOnlyForDeploymentPostprocessing = 0;
		};
		15E91B1F1EE5403900195498 /* Resources */ = {
			isa = PBXResourcesBuildPhase;
			buildActionMask = 2147483647;
			files = (
			);
			runOnlyForDeploymentPostprocessing = 0;
		};
		15E91B2A1EE5403900195498 /* Resources */ = {
			isa = PBXResourcesBuildPhase;
			buildActionMask = 2147483647;
			files = (
			);
			runOnlyForDeploymentPostprocessing = 0;
		};
/* End PBXResourcesBuildPhase section */

/* Begin PBXSourcesBuildPhase section */
		15E91B041EE5403900195498 /* Sources */ = {
			isa = PBXSourcesBuildPhase;
			buildActionMask = 2147483647;
			files = (
				15E91B451EE54C0600195498 /* NSBundle+TTBundle.m in Sources */,
				15E91B131EE5403900195498 /* ViewController.m in Sources */,
				15E91B101EE5403900195498 /* AppDelegate.m in Sources */,
				15E91B411EE5417500195498 /* NSFileManager+TTFileManager.m in Sources */,
				15E91B0D1EE5403900195498 /* main.m in Sources */,
			);
			runOnlyForDeploymentPostprocessing = 0;
		};
		15E91B1D1EE5403900195498 /* Sources */ = {
			isa = PBXSourcesBuildPhase;
			buildActionMask = 2147483647;
			files = (
				15E91B261EE5403900195498 /* CocoapodsTestTests.m in Sources */,
			);
			runOnlyForDeploymentPostprocessing = 0;
		};
		15E91B281EE5403900195498 /* Sources */ = {
			isa = PBXSourcesBuildPhase;
			buildActionMask = 2147483647;
			files = (
				15E91B311EE5403900195498 /* CocoapodsTestUITests.m in Sources */,
			);
			runOnlyForDeploymentPostprocessing = 0;
		};
/* End PBXSourcesBuildPhase section */

/* Begin PBXTargetDependency section */
		15E91B231EE5403900195498 /* PBXTargetDependency */ = {
			isa = PBXTargetDependency;
			target = 15E91B071EE5403900195498 /* CocoapodsTest */;
			targetProxy = 15E91B221EE5403900195498 /* PBXContainerItemProxy */;
		};
		15E91B2E1EE5403900195498 /* PBXTargetDependency */ = {
			isa = PBXTargetDependency;
			target = 15E91B071EE5403900195498 /* CocoapodsTest */;
			targetProxy = 15E91B2D1EE5403900195498 /* PBXContainerItemProxy */;
		};
/* End PBXTargetDependency section */

/* Begin PBXVariantGroup section */
		15E91B141EE5403900195498 /* Main.storyboard */ = {
			isa = PBXVariantGroup;
			children = (
				15E91B151EE5403900195498 /* Base */,
			);
			name = Main.storyboard;
			sourceTree = "<group>";
		};
		15E91B191EE5403900195498 /* LaunchScreen.storyboard */ = {
			isa = PBXVariantGroup;
			children = (
				15E91B1A1EE5403900195498 /* Base */,
			);
			name = LaunchScreen.storyboard;
			sourceTree = "<group>";
		};
/* End PBXVariantGroup section */

/* Begin XCBuildConfiguration section */
		15E91B331EE5403900195498 /* Debug */ = {
			isa = XCBuildConfiguration;
			buildSettings = {
				ALWAYS_SEARCH_USER_PATHS = NO;
				CLANG_ANALYZER_NONNULL = YES;
				CLANG_ANALYZER_NUMBER_OBJECT_CONVERSION = YES_AGGRESSIVE;
				CLANG_CXX_LANGUAGE_STANDARD = "gnu++0x";
				CLANG_CXX_LIBRARY = "libc++";
				CLANG_ENABLE_MODULES = YES;
				CLANG_ENABLE_OBJC_ARC = YES;
				CLANG_WARN_BOOL_CONVERSION = YES;
				CLANG_WARN_CONSTANT_CONVERSION = YES;
				CLANG_WARN_DIRECT_OBJC_ISA_USAGE = YES_ERROR;
				CLANG_WARN_DOCUMENTATION_COMMENTS = YES;
				CLANG_WARN_EMPTY_BODY = YES;
				CLANG_WARN_ENUM_CONVERSION = YES;
				CLANG_WARN_INFINITE_RECURSION = YES;
				CLANG_WARN_INT_CONVERSION = YES;
				CLANG_WARN_OBJC_ROOT_CLASS = YES_ERROR;
				CLANG_WARN_SUSPICIOUS_MOVE = YES;
				CLANG_WARN_UNREACHABLE_CODE = YES;
				CLANG_WARN__DUPLICATE_METHOD_MATCH = YES;
				"CODE_SIGN_IDENTITY[sdk=iphoneos*]" = "iPhone Developer";
				COPY_PHASE_STRIP = NO;
				DEBUG_INFORMATION_FORMAT = dwarf;
				ENABLE_STRICT_OBJC_MSGSEND = YES;
				ENABLE_TESTABILITY = YES;
				GCC_C_LANGUAGE_STANDARD = gnu99;
				GCC_DYNAMIC_NO_PIC = NO;
				GCC_NO_COMMON_BLOCKS = YES;
				GCC_OPTIMIZATION_LEVEL = 0;
				GCC_PREPROCESSOR_DEFINITIONS = (
					"DEBUG=1",
					"$(inherited)",
				);
				GCC_WARN_64_TO_32_BIT_CONVERSION = YES;
				GCC_WARN_ABOUT_RETURN_TYPE = YES_ERROR;
				GCC_WARN_UNDECLARED_SELECTOR = YES;
				GCC_WARN_UNINITIALIZED_AUTOS = YES_AGGRESSIVE;
				GCC_WARN_UNUSED_FUNCTION = YES;
				GCC_WARN_UNUSED_VARIABLE = YES;
				IPHONEOS_DEPLOYMENT_TARGET = 10.3;
				MTL_ENABLE_DEBUG_INFO = YES;
				ONLY_ACTIVE_ARCH = YES;
				SDKROOT = iphoneos;
				TARGETED_DEVICE_FAMILY = "1,2";
			};
			name = Debug;
		};
		15E91B341EE5403900195498 /* Release */ = {
			isa = XCBuildConfiguration;
			buildSettings = {
				ALWAYS_SEARCH_USER_PATHS = NO;
				CLANG_ANALYZER_NONNULL = YES;
				CLANG_ANALYZER_NUMBER_OBJECT_CONVERSION = YES_AGGRESSIVE;
				CLANG_CXX_LANGUAGE_STANDARD = "gnu++0x";
				CLANG_CXX_LIBRARY = "libc++";
				CLANG_ENABLE_MODULES = YES;
				CLANG_ENABLE_OBJC_ARC = YES;
				CLANG_WARN_BOOL_CONVERSION = YES;
				CLANG_WARN_CONSTANT_CONVERSION = YES;
				CLANG_WARN_DIRECT_OBJC_ISA_USAGE = YES_ERROR;
				CLANG_WARN_DOCUMENTATION_COMMENTS = YES;
				CLANG_WARN_EMPTY_BODY = YES;
				CLANG_WARN_ENUM_CONVERSION = YES;
				CLANG_WARN_INFINITE_RECURSION = YES;
				CLANG_WARN_INT_CONVERSION = YES;
				CLANG_WARN_OBJC_ROOT_CLASS = YES_ERROR;
				CLANG_WARN_SUSPICIOUS_MOVE = YES;
				CLANG_WARN_UNREACHABLE_CODE = YES;
				CLANG_WARN__DUPLICATE_METHOD_MATCH = YES;
				"CODE_SIGN_IDENTITY[sdk=iphoneos*]" = "iPhone Developer";
				COPY_PHASE_STRIP = NO;
				DEBUG_INFORMATION_FORMAT = "dwarf-with-dsym";
				ENABLE_NS_ASSERTIONS = NO;
				ENABLE_STRICT_OBJC_MSGSEND = YES;
				GCC_C_LANGUAGE_STANDARD = gnu99;
				GCC_NO_COMMON_BLOCKS = YES;
				GCC_WARN_64_TO_32_BIT_CONVERSION = YES;
				GCC_WARN_ABOUT_RETURN_TYPE = YES_ERROR;
				GCC_WARN_UNDECLARED_SELECTOR = YES;
				GCC_WARN_UNINITIALIZED_AUTOS = YES_AGGRESSIVE;
				GCC_WARN_UNUSED_FUNCTION = YES;
				GCC_WARN_UNUSED_VARIABLE = YES;
				IPHONEOS_DEPLOYMENT_TARGET = 10.3;
				MTL_ENABLE_DEBUG_INFO = NO;
				SDKROOT = iphoneos;
				TARGETED_DEVICE_FAMILY = "1,2";
				VALIDATE_PRODUCT = YES;
			};
			name = Release;
		};
		15E91B361EE5403900195498 /* Debug */ = {
			isa = XCBuildConfiguration;
			buildSettings = {
				ASSETCATALOG_COMPILER_APPICON_NAME = AppIcon;
				FRAMEWORK_SEARCH_PATHS = (
					"$(inherited)",
					"$(PROJECT_DIR)/CocoapodsTest/Classes/SMS_SDK",
					"$(PROJECT_DIR)/SMS_SDK",
					"$(PROJECT_DIR)/CocoapodsTest/SMS_SDK",
				);
				INFOPLIST_FILE = CocoapodsTest/Info.plist;
				IPHONEOS_DEPLOYMENT_TARGET = 7.0;
				LD_RUNPATH_SEARCH_PATHS = "$(inherited) @executable_path/Frameworks";
				PRODUCT_BUNDLE_IDENTIFIER = com.zhangfurun.CocoapodsTest;
				PRODUCT_NAME = "$(TARGET_NAME)";
			};
			name = Debug;
		};
		15E91B371EE5403900195498 /* Release */ = {
			isa = XCBuildConfiguration;
			buildSettings = {
				ASSETCATALOG_COMPILER_APPICON_NAME = AppIcon;
				FRAMEWORK_SEARCH_PATHS = (
					"$(inherited)",
					"$(PROJECT_DIR)/CocoapodsTest/Classes/SMS_SDK",
					"$(PROJECT_DIR)/SMS_SDK",
					"$(PROJECT_DIR)/CocoapodsTest/SMS_SDK",
				);
				INFOPLIST_FILE = CocoapodsTest/Info.plist;
				IPHONEOS_DEPLOYMENT_TARGET = 7.0;
				LD_RUNPATH_SEARCH_PATHS = "$(inherited) @executable_path/Frameworks";
				PRODUCT_BUNDLE_IDENTIFIER = com.zhangfurun.CocoapodsTest;
				PRODUCT_NAME = "$(TARGET_NAME)";
			};
			name = Release;
		};
		15E91B391EE5403900195498 /* Debug */ = {
			isa = XCBuildConfiguration;
			buildSettings = {
				BUNDLE_LOADER = "$(TEST_HOST)";
				INFOPLIST_FILE = CocoapodsTestTests/Info.plist;
				LD_RUNPATH_SEARCH_PATHS = "$(inherited) @executable_path/Frameworks @loader_path/Frameworks";
				PRODUCT_BUNDLE_IDENTIFIER = com.zhangfurun.CocoapodsTestTests;
				PRODUCT_NAME = "$(TARGET_NAME)";
				TEST_HOST = "$(BUILT_PRODUCTS_DIR)/CocoapodsTest.app/CocoapodsTest";
			};
			name = Debug;
		};
		15E91B3A1EE5403900195498 /* Release */ = {
			isa = XCBuildConfiguration;
			buildSettings = {
				BUNDLE_LOADER = "$(TEST_HOST)";
				INFOPLIST_FILE = CocoapodsTestTests/Info.plist;
				LD_RUNPATH_SEARCH_PATHS = "$(inherited) @executable_path/Frameworks @loader_path/Frameworks";
				PRODUCT_BUNDLE_IDENTIFIER = com.zhangfurun.CocoapodsTestTests;
				PRODUCT_NAME = "$(TARGET_NAME)";
				TEST_HOST = "$(BUILT_PRODUCTS_DIR)/CocoapodsTest.app/CocoapodsTest";
			};
			name = Release;
		};
		15E91B3C1EE5403900195498 /* Debug */ = {
			isa = XCBuildConfiguration;
			buildSettings = {
				INFOPLIST_FILE = CocoapodsTestUITests/Info.plist;
				LD_RUNPATH_SEARCH_PATHS = "$(inherited) @executable_path/Frameworks @loader_path/Frameworks";
				PRODUCT_BUNDLE_IDENTIFIER = com.zhangfurun.CocoapodsTestUITests;
				PRODUCT_NAME = "$(TARGET_NAME)";
				TEST_TARGET_NAME = CocoapodsTest;
			};
			name = Debug;
		};
		15E91B3D1EE5403900195498 /* Release */ = {
			isa = XCBuildConfiguration;
			buildSettings = {
				INFOPLIST_FILE = CocoapodsTestUITests/Info.plist;
				LD_RUNPATH_SEARCH_PATHS = "$(inherited) @executable_path/Frameworks @loader_path/Frameworks";
				PRODUCT_BUNDLE_IDENTIFIER = com.zhangfurun.CocoapodsTestUITests;
				PRODUCT_NAME = "$(TARGET_NAME)";
				TEST_TARGET_NAME = CocoapodsTest;
			};
			name = Release;
		};
/* End XCBuildConfiguration section */

/* Begin XCConfigurationList section */
		15E91B031EE5403900195498 /* Build configuration list for PBXProject "CocoapodsTest" */ = {
			isa = XCConfigurationList;
			buildConfigurations = (
				15E91B331EE5403900195498 /* Debug */,
				15E91B341EE5403900195498 /* Release */,
			);
			defaultConfigurationIsVisible = 0;
			defaultConfigurationName = Release;
		};
		15E91B351EE5403900195498 /* Build configuration list for PBXNativeTarget "CocoapodsTest" */ = {
			isa = XCConfigurationList;
			buildConfigurations = (
				15E91B361EE5403900195498 /* Debug */,
				15E91B371EE5403900195498 /* Release */,
			);
			defaultConfigurationIsVisible = 0;
			defaultConfigurationName = Release;
		};
		15E91B381EE5403900195498 /* Build configuration list for PBXNativeTarget "CocoapodsTestTests" */ = {
			isa = XCConfigurationList;
			buildConfigurations = (
				15E91B391EE5403900195498 /* Debug */,
				15E91B3A1EE5403900195498 /* Release */,
			);
			defaultConfigurationIsVisible = 0;
			defaultConfigurationName = Release;
		};
		15E91B3B1EE5403900195498 /* Build configuration list for PBXNativeTarget "CocoapodsTestUITests" */ = {
			isa = XCConfigurationList;
			buildConfigurations = (
				15E91B3C1EE5403900195498 /* Debug */,
				15E91B3D1EE5403900195498 /* Release */,
			);
			defaultConfigurationIsVisible = 0;
			defaultConfigurationName = Release;
		};
/* End XCConfigurationList section */
	};
	rootObject = 15E91B001EE5403900195498 /* Project object */;
}
